# This file was autogenerated by Stack.
# You should not edit this file by hand.
# For more information, please see the documentation at:
#   https://docs.haskellstack.org/en/stable/lock_files

packages:
- completed:
    subdir: genvalidity
    cabal-file:
      size: 2863
      sha256: dc02a7fac873cd318c0f759e0aff13d6af3be89fd669a9affb97ecf281654246
    name: genvalidity
    version: 0.6.0.0
    git: https://github.com/NorfairKing/validity.git
    pantry-tree:
      size: 685
      sha256: 50e15aacd481def519c0cc507863fcc7d28e9fed3dc43bbf02aa162b874c8e6f
    commit: 550327539d84d72ba8be8412025b0074d14c4188
  original:
    subdir: genvalidity
    git: https://github.com/NorfairKing/validity.git
    commit: 550327539d84d72ba8be8412025b0074d14c4188
- completed:
    subdir: genvalidity-aeson
    cabal-file:
      size: 1693
      sha256: 7da788b5d0a4396cca13b950cd9be54c035ba410070590de9c7961009e330d6c
    name: genvalidity-aeson
    version: 0.2.0.2
    git: https://github.com/NorfairKing/validity.git
    pantry-tree:
      size: 341
      sha256: 4656330d0ecaafa44baeae6d6637783177f84f76409e060e99d0219985f05465
    commit: 550327539d84d72ba8be8412025b0074d14c4188
  original:
    subdir: genvalidity-aeson
    git: https://github.com/NorfairKing/validity.git
    commit: 550327539d84d72ba8be8412025b0074d14c4188
- completed:
    subdir: genvalidity-bytestring
    cabal-file:
      size: 1662
      sha256: 6448158d57b942ef6deee39b8c9e087b8b90018ae0fe5dd85a4922e73a208953
    name: genvalidity-bytestring
    version: 0.3.0.0
    git: https://github.com/NorfairKing/validity.git
    pantry-tree:
      size: 407
      sha256: 67aca81a981ec42a80602d63720f268f66da7dfc87ccd3d05e2688b226410268
    commit: 550327539d84d72ba8be8412025b0074d14c4188
  original:
    subdir: genvalidity-bytestring
    git: https://github.com/NorfairKing/validity.git
    commit: 550327539d84d72ba8be8412025b0074d14c4188
- completed:
    subdir: genvalidity-containers
    cabal-file:
      size: 1844
      sha256: 7f28834958949ea30399429f0d472f994df5211b5857b018a07b17a912ba9561
    name: genvalidity-containers
    version: 0.5.0.0
    git: https://github.com/NorfairKing/validity.git
    pantry-tree:
      size: 923
      sha256: 767335d1ef55c552ea79142dc7fd2046083554fb53acf299d4fb618cff3fdc4d
    commit: 550327539d84d72ba8be8412025b0074d14c4188
  original:
    subdir: genvalidity-containers
    git: https://github.com/NorfairKing/validity.git
    commit: 550327539d84d72ba8be8412025b0074d14c4188
- completed:
    subdir: genvalidity-hspec
    cabal-file:
      size: 3199
      sha256: 0f27a4581c6a5403096c5e60495136103849a547a7831bf1fc62632468096d80
    name: genvalidity-hspec
    version: 0.6.1.1
    git: https://github.com/NorfairKing/validity.git
    pantry-tree:
      size: 2183
      sha256: a37fff5bc11fbf37e0a5e4d0a460ca01c261ea304667583b8a8166caa7d206df
    commit: 550327539d84d72ba8be8412025b0074d14c4188
  original:
    subdir: genvalidity-hspec
    git: https://github.com/NorfairKing/validity.git
    commit: 550327539d84d72ba8be8412025b0074d14c4188
- completed:
    subdir: genvalidity-hspec-aeson
    cabal-file:
      size: 2009
      sha256: f493853bf40c151dc28ec24fdd1f43d2a2d76c6d5bb3a299df294ffcbdc6c4f8
    name: genvalidity-hspec-aeson
    version: 0.3.0.0
    git: https://github.com/NorfairKing/validity.git
    pantry-tree:
      size: 445
      sha256: 7984e573cd6a9de9dad5b7a52d955786dbf8660a9ea41bb6de0aca8dbee8d720
    commit: 550327539d84d72ba8be8412025b0074d14c4188
  original:
    subdir: genvalidity-hspec-aeson
    git: https://github.com/NorfairKing/validity.git
    commit: 550327539d84d72ba8be8412025b0074d14c4188
- completed:
    subdir: genvalidity-hspec-binary
    cabal-file:
      size: 2008
      sha256: 6fc551e77f40d01cc75d64ccb6c86d56bd02217b0362ef593648f6cad6db5ceb
    name: genvalidity-hspec-binary
    version: 0.2.0.2
    git: https://github.com/NorfairKing/validity.git
    pantry-tree:
      size: 446
      sha256: 74033d06366e62ddcf454ed3422d2b1ab477979bc77c369b29a626bcaf9b7c7c
    commit: 550327539d84d72ba8be8412025b0074d14c4188
  original:
    subdir: genvalidity-hspec-binary
    git: https://github.com/NorfairKing/validity.git
    commit: 550327539d84d72ba8be8412025b0074d14c4188
- completed:
    subdir: genvalidity-hspec-cereal
    cabal-file:
      size: 1911
      sha256: b0417bf17a10497c46accbb4fc031befb4f06ff31dc437dc3e9826548f26fd7e
    name: genvalidity-hspec-cereal
    version: 0.2.0.2
    git: https://github.com/NorfairKing/validity.git
    pantry-tree:
      size: 447
      sha256: bd461dca96fe73a921aa6ebb6edbba992abaeaf86de233cee22e4a404f621de8
    commit: 550327539d84d72ba8be8412025b0074d14c4188
  original:
    subdir: genvalidity-hspec-cereal
    git: https://github.com/NorfairKing/validity.git
    commit: 550327539d84d72ba8be8412025b0074d14c4188
- completed:
    subdir: genvalidity-hspec-hashable
    cabal-file:
      size: 2107
      sha256: 0b25ecab11493a0abb668ce81257c0e8c3d481fee057e25479bfd906dde6ee53
    name: genvalidity-hspec-hashable
    version: 0.2.0.2
    git: https://github.com/NorfairKing/validity.git
    pantry-tree:
      size: 450
      sha256: 538170bc8c66ba360bae5bbba23b0ad273cd4eecf6a372ad461f3d66ed2ffb75
    commit: 550327539d84d72ba8be8412025b0074d14c4188
  original:
    subdir: genvalidity-hspec-hashable
    git: https://github.com/NorfairKing/validity.git
    commit: 550327539d84d72ba8be8412025b0074d14c4188
- completed:
    subdir: genvalidity-hspec-optics
    cabal-file:
      size: 1893
      sha256: 7962220c10464cffe58a4e11917fe7cf16e1b2cb11721f4ffb89066557df2d7e
    name: genvalidity-hspec-optics
    version: 0.1.0.0
    git: https://github.com/NorfairKing/validity.git
    pantry-tree:
      size: 501
      sha256: 832bec07995ac3d948b44c56c60e61d02edbcdc8fdfafc35fd39737f972f46a8
    commit: 550327539d84d72ba8be8412025b0074d14c4188
  original:
    subdir: genvalidity-hspec-optics
    git: https://github.com/NorfairKing/validity.git
    commit: 550327539d84d72ba8be8412025b0074d14c4188
- completed:
    subdir: genvalidity-path
    cabal-file:
      size: 1923
      sha256: 1b8938982d75c5a3dfda32137b5cb1e3583e82aecd8049809468774ec945c092
    name: genvalidity-path
    version: 0.3.0.2
    git: https://github.com/NorfairKing/validity.git
    pantry-tree:
      size: 397
      sha256: 54168c76137432167214fc05a8f4c7d7dca6ccd316d56b091cd94c3368bc42ce
    commit: 550327539d84d72ba8be8412025b0074d14c4188
  original:
    subdir: genvalidity-path
    git: https://github.com/NorfairKing/validity.git
    commit: 550327539d84d72ba8be8412025b0074d14c4188
- completed:
    subdir: genvalidity-property
    cabal-file:
      size: 2328
      sha256: 3c863d1c1081db2aef1530e7d3ef811f18794017abb7dadeb5c051973e6aacd7
    name: genvalidity-property
    version: 0.2.1.0
    git: https://github.com/NorfairKing/validity.git
    pantry-tree:
      size: 1922
      sha256: 1aede961937719ac1ec8afd8c56ceef9988822ce3a893a25e7060e7904037e8b
    commit: 550327539d84d72ba8be8412025b0074d14c4188
  original:
    subdir: genvalidity-property
    git: https://github.com/NorfairKing/validity.git
    commit: 550327539d84d72ba8be8412025b0074d14c4188
- completed:
    subdir: genvalidity-scientific
    cabal-file:
      size: 1648
      sha256: 0d3370513cf34347be09bed203cf1539f93d049a3bf5cf0826563e569541043d
    name: genvalidity-scientific
    version: 0.2.0.1
    git: https://github.com/NorfairKing/validity.git
    pantry-tree:
      size: 405
      sha256: 7ea19e9225f9626555727a8546cc7cc8605a42263e7ccbf1766dd75dc0b0becf
    commit: 550327539d84d72ba8be8412025b0074d14c4188
  original:
    subdir: genvalidity-scientific
    git: https://github.com/NorfairKing/validity.git
    commit: 550327539d84d72ba8be8412025b0074d14c4188
- completed:
    subdir: genvalidity-text
    cabal-file:
      size: 1594
      sha256: 8dfd821dae9d6ed469d3641ac2a4b4d5a808962206fb69df1fa5210af3e9e44b
    name: genvalidity-text
    version: 0.5.1.0
    git: https://github.com/NorfairKing/validity.git
    pantry-tree:
      size: 395
      sha256: 5aa938d9529f688e3cd2624db1a1f157c160050e6521a7631b194910b002a09a
    commit: 550327539d84d72ba8be8412025b0074d14c4188
  original:
    subdir: genvalidity-text
    git: https://github.com/NorfairKing/validity.git
    commit: 550327539d84d72ba8be8412025b0074d14c4188
- completed:
    subdir: genvalidity-time
    cabal-file:
      size: 1670
      sha256: 5f9b6e6638829d4a257ca6dc53642e7cb6658016189fb16befa43fce5c310a0c
    name: genvalidity-time
    version: 0.2.1.0
    git: https://github.com/NorfairKing/validity.git
    pantry-tree:
      size: 647
      sha256: 48824dba07f8cc10419080dcbc3b6ad679623125a81222e893d37c17b49ceaef
    commit: 550327539d84d72ba8be8412025b0074d14c4188
  original:
    subdir: genvalidity-time
    git: https://github.com/NorfairKing/validity.git
    commit: 550327539d84d72ba8be8412025b0074d14c4188
- completed:
    subdir: genvalidity-unordered-containers
    cabal-file:
      size: 1793
      sha256: e398995049e84179be3db762b35c4769b0c15790c582f8e04f726e0ecc476e89
    name: genvalidity-unordered-containers
    version: 0.2.0.3
    git: https://github.com/NorfairKing/validity.git
    pantry-tree:
      size: 511
      sha256: bfd2cdb16d750c5b57bcc1b054c48148081ce36012993d4bd0d2b8990f784ae0
    commit: 550327539d84d72ba8be8412025b0074d14c4188
  original:
    subdir: genvalidity-unordered-containers
    git: https://github.com/NorfairKing/validity.git
    commit: 550327539d84d72ba8be8412025b0074d14c4188
- completed:
    subdir: genvalidity-uuid
    cabal-file:
      size: 1582
      sha256: 8bf9341fb9f72d9f59c2ace792b4ff99eed066040385b662d3eddcc6e012200c
    name: genvalidity-uuid
    version: 0.1.0.2
    git: https://github.com/NorfairKing/validity.git
    pantry-tree:
      size: 341
      sha256: 3fe8bc6b82967d22c43855b064d81b430b6291c5e2954c9c23146c6a40a9a8c1
    commit: 550327539d84d72ba8be8412025b0074d14c4188
  original:
    subdir: genvalidity-uuid
    git: https://github.com/NorfairKing/validity.git
    commit: 550327539d84d72ba8be8412025b0074d14c4188
- completed:
    subdir: genvalidity-vector
    cabal-file:
      size: 1564
      sha256: d3c43326efb753e626b82a6d57fceb20714e1619f53d13c6c36539eefc04a772
    name: genvalidity-vector
    version: 0.2.0.2
    git: https://github.com/NorfairKing/validity.git
    pantry-tree:
      size: 342
      sha256: 306b5f30e3678dacf5970fa67bc6098a4e8254bd0694e1a4a9581c672cc993c5
    commit: 550327539d84d72ba8be8412025b0074d14c4188
  original:
    subdir: genvalidity-vector
    git: https://github.com/NorfairKing/validity.git
    commit: 550327539d84d72ba8be8412025b0074d14c4188
- completed:
    subdir: validity
    cabal-file:
      size: 2660
      sha256: dc7835c2cf9738a85751d6b0dee73212f9ebb1050ded784066cbd0977e7d8201
    name: validity
    version: 0.8.0.0
    git: https://github.com/NorfairKing/validity.git
    pantry-tree:
      size: 449
      sha256: 91fd8a70d13e6f30c6160f75f0a4b5f07c95e2b5a3116ecc2022de1a72aae614
    commit: 550327539d84d72ba8be8412025b0074d14c4188
  original:
    subdir: validity
    git: https://github.com/NorfairKing/validity.git
    commit: 550327539d84d72ba8be8412025b0074d14c4188
- completed:
    subdir: validity-aeson
    cabal-file:
      size: 1205
      sha256: c58ba151fdd4c61a3ba1b5b04365470325ab07ea17963933aa30ef4cc39da0a4
    name: validity-aeson
    version: 0.2.0.2
    git: https://github.com/NorfairKing/validity.git
    pantry-tree:
      size: 215
      sha256: 6a19400ec07079c7707ff6f92363f201fd150776708b49b2a56fe57939a2b9e1
    commit: 550327539d84d72ba8be8412025b0074d14c4188
  original:
    subdir: validity-aeson
    git: https://github.com/NorfairKing/validity.git
    commit: 550327539d84d72ba8be8412025b0074d14c4188
- completed:
    subdir: validity-bytestring
    cabal-file:
      size: 1102
      sha256: 25ab137b3dfb2f364a9284ba6afd44a74a7e8a9ae47b5402c56592a07ab9b529
    name: validity-bytestring
    version: 0.4.0.0
    git: https://github.com/NorfairKing/validity.git
    pantry-tree:
      size: 273
      sha256: c6e275e21c1de45e2dddf96e0f485b4baa7ed0c0b04268b0f5a9f80a6e58dd95
    commit: 550327539d84d72ba8be8412025b0074d14c4188
  original:
    subdir: validity-bytestring
    git: https://github.com/NorfairKing/validity.git
    commit: 550327539d84d72ba8be8412025b0074d14c4188
- completed:
    subdir: validity-containers
    cabal-file:
      size: 1204
      sha256: bda1ddb55c10265e64bcd1bd304c966c6b76da3ed50259230a239f5dd95c1a6a
    name: validity-containers
    version: 0.3.1.0
    git: https://github.com/NorfairKing/validity.git
    pantry-tree:
      size: 482
      sha256: 5f6aae7483b458c8c98fa986ae3d63c6594979549e55ee2e07b06570ef733d6b
    commit: 550327539d84d72ba8be8412025b0074d14c4188
  original:
    subdir: validity-containers
    git: https://github.com/NorfairKing/validity.git
    commit: 550327539d84d72ba8be8412025b0074d14c4188
- completed:
    subdir: validity-path
    cabal-file:
      size: 1509
      sha256: b14f56bc7d2077fa5045c7a6b74277b363248e94d1ada1b25157cdac2fc6fede
    name: validity-path
    version: 0.3.0.2
    git: https://github.com/NorfairKing/validity.git
    pantry-tree:
      size: 337
      sha256: db3b45fdf2270efc9398eaade08b59cf46414be792acee7a1cbb23caeecb07fd
    commit: 550327539d84d72ba8be8412025b0074d14c4188
  original:
    subdir: validity-path
    git: https://github.com/NorfairKing/validity.git
    commit: 550327539d84d72ba8be8412025b0074d14c4188
- completed:
    subdir: validity-primitive
    cabal-file:
      size: 1046
      sha256: 559f1e0476c9136c96ffd23b6bee701de18634243ba791348b50e5109f4555b8
    name: validity-primitive
    version: 0.0.0.0
    git: https://github.com/NorfairKing/validity.git
    pantry-tree:
      size: 219
      sha256: 788a0685a7c29fe1e29dd104d12cdec260984448cb4884d88f614152f86a617d
    commit: 550327539d84d72ba8be8412025b0074d14c4188
  original:
    subdir: validity-primitive
    git: https://github.com/NorfairKing/validity.git
    commit: 550327539d84d72ba8be8412025b0074d14c4188
- completed:
    subdir: validity-scientific
    cabal-file:
      size: 1097
      sha256: e5ebb5cde67f4aec47d37d2dea832a7fe8b3f092b1c60d646a70b3377e350162
    name: validity-scientific
    version: 0.2.0.2
    git: https://github.com/NorfairKing/validity.git
    pantry-tree:
      size: 220
      sha256: 9bd610f4eb2b23ff98f21ebd18f7144d1b9aa7f8f3850b92b0c2cf7cfb393c6b
    commit: 550327539d84d72ba8be8412025b0074d14c4188
  original:
    subdir: validity-scientific
    git: https://github.com/NorfairKing/validity.git
    commit: 550327539d84d72ba8be8412025b0074d14c4188
- completed:
    subdir: validity-text
    cabal-file:
      size: 1084
      sha256: 82c509d9f1fe309eb8cc1203ab71569f1e1322f41480f9406c703b9e5bc2c2c2
    name: validity-text
    version: 0.3.1.0
    git: https://github.com/NorfairKing/validity.git
    pantry-tree:
      size: 267
      sha256: d518cda143cbce68ca12fd0b316c63c9c1af7b927f7410d876d6989133a4e173
    commit: 550327539d84d72ba8be8412025b0074d14c4188
  original:
    subdir: validity-text
    git: https://github.com/NorfairKing/validity.git
    commit: 550327539d84d72ba8be8412025b0074d14c4188
- completed:
    subdir: validity-time
    cabal-file:
      size: 1204
      sha256: 59970dd081d75502bb0b7c69c3404e9ceadf2193937d59ac8fcd2d7eb1e9240e
    name: validity-time
    version: 0.2.0.2
    git: https://github.com/NorfairKing/validity.git
    pantry-tree:
      size: 508
      sha256: 922ee1d731b2b32b33c664899013fb9f4f1a9d6c9ecf139e210a489abde7b315
    commit: 550327539d84d72ba8be8412025b0074d14c4188
  original:
    subdir: validity-time
    git: https://github.com/NorfairKing/validity.git
    commit: 550327539d84d72ba8be8412025b0074d14c4188
- completed:
    subdir: validity-unordered-containers
    cabal-file:
      size: 1230
      sha256: 2d26dd8a1d496793680924c5a5f773563c0ad8da8ba6a4c68fbd40e36251195f
    name: validity-unordered-containers
    version: 0.2.0.2
    git: https://github.com/NorfairKing/validity.git
    pantry-tree:
      size: 365
      sha256: bb587db1f36a689d01c77ef51238666613e5b4151b85a7f94d0c080d8c3a6ae3
    commit: 550327539d84d72ba8be8412025b0074d14c4188
  original:
    subdir: validity-unordered-containers
    git: https://github.com/NorfairKing/validity.git
    commit: 550327539d84d72ba8be8412025b0074d14c4188
- completed:
    subdir: validity-uuid
    cabal-file:
      size: 1067
      sha256: 1429fbcbc850ca2d8cab01aca9f8f8c5c38de047e04bacb57bff848065077a40
    name: validity-uuid
    version: 0.1.0.2
    git: https://github.com/NorfairKing/validity.git
    pantry-tree:
      size: 214
      sha256: dfb2c88e3e57bcbc7965f6b76fd07bc2b2e23a773405373cc64668e45bd6dc93
    commit: 550327539d84d72ba8be8412025b0074d14c4188
  original:
    subdir: validity-uuid
    git: https://github.com/NorfairKing/validity.git
    commit: 550327539d84d72ba8be8412025b0074d14c4188
- completed:
    subdir: validity-vector
    cabal-file:
      size: 1097
      sha256: b0cd397cb7d08233a4ffc6cfcc91ad0c366277d1088804250f112b9d6dd21921
    name: validity-vector
    version: 0.2.0.2
    git: https://github.com/NorfairKing/validity.git
    pantry-tree:
      size: 216
      sha256: 82160689c868ab8c2817f29586d43380e940f7546f33b8feef0ff71841561b5a
    commit: 550327539d84d72ba8be8412025b0074d14c4188
  original:
    subdir: validity-vector
    git: https://github.com/NorfairKing/validity.git
    commit: 550327539d84d72ba8be8412025b0074d14c4188
- completed:
    hackage: hlint-2.0.15@sha256:2ff1d25f65ae64033103da487eb4bd7f4e95667f4f88ed4b0fd514dcc34d9cc5,3349
    pantry-tree:
      size: 3797
      sha256: e224e378b0f796c1db5e6424f12a9853334acc0df19c0cac07a95459dde49826
  original:
    hackage: hlint-2.0.15
- completed:
    hackage: extra-1.6.5@sha256:e97770705d4304aa6597af4bfaff8d730db25d2e7a9252ba6fc0ea4229233aae,2606
    pantry-tree:
      size: 1759
      sha256: df420c3712cfcfea56cde0da1ef14f0878010024d34b1cdad12c6cb758657310
  original:
    hackage: extra-1.6.5
- completed:
    hackage: zifter-0.0.1.8@sha256:ad3fe74060403f22fd8623e5d9493a6fcbb83f68d6c04846c45afe9a117f53e8,1851
    pantry-tree:
      size: 1315
      sha256: 0a3be1f61266c02d51197a78beb30f960bbd38c23467073f8af83e411def6b6b
  original:
    hackage: zifter-0.0.1.8
snapshots:
- completed:
    size: 503674
    url: https://raw.githubusercontent.com/commercialhaskell/stackage-snapshots/master/lts/12/10.yaml
    sha256: 3f6a3139a4fe86c154496156ba9bc45328debae508485f0e314609eb9cc7e467
  original: lts-12.10
