# This file was autogenerated by Stack.
# You should not edit this file by hand.
# For more information, please see the documentation at:
#   https://docs.haskellstack.org/en/stable/lock_files

packages:
- completed:
    subdir: genvalidity
    cabal-file:
      size: 2863
      sha256: 4bf26eb9459c0eb0fe2f2a03ec6e2ffb1b894c6ccf33819e5bd8eea59723c387
    name: genvalidity
    version: 0.6.0.0
    git: https://github.com/NorfairKing/validity.git
    pantry-tree:
      size: 685
      sha256: 50e15aacd481def519c0cc507863fcc7d28e9fed3dc43bbf02aa162b874c8e6f
    commit: 550327539d84d72ba8be8412025b0074d14c4188
  original:
    subdir: genvalidity
    git: https://github.com/NorfairKing/validity.git
    commit: 550327539d84d72ba8be8412025b0074d14c4188
- completed:
    subdir: genvalidity-aeson
    cabal-file:
      size: 1693
      sha256: da3ecf23b1f41bcf44713e6ac3d1848f9f3652df33456aaafd3fdc6738d78dae
    name: genvalidity-aeson
    version: 0.2.0.2
    git: https://github.com/NorfairKing/validity.git
    pantry-tree:
      size: 341
      sha256: 4656330d0ecaafa44baeae6d6637783177f84f76409e060e99d0219985f05465
    commit: 550327539d84d72ba8be8412025b0074d14c4188
  original:
    subdir: genvalidity-aeson
    git: https://github.com/NorfairKing/validity.git
    commit: 550327539d84d72ba8be8412025b0074d14c4188
- completed:
    subdir: genvalidity-bytestring
    cabal-file:
      size: 1662
      sha256: f0212bde432af3882a0f063c509eeb2f7a8289017594d4d34ed71e6612cbc010
    name: genvalidity-bytestring
    version: 0.3.0.0
    git: https://github.com/NorfairKing/validity.git
    pantry-tree:
      size: 407
      sha256: 67aca81a981ec42a80602d63720f268f66da7dfc87ccd3d05e2688b226410268
    commit: 550327539d84d72ba8be8412025b0074d14c4188
  original:
    subdir: genvalidity-bytestring
    git: https://github.com/NorfairKing/validity.git
    commit: 550327539d84d72ba8be8412025b0074d14c4188
- completed:
    subdir: genvalidity-containers
    cabal-file:
      size: 1844
      sha256: c2f414e4f93b0b203ce6f41ee824931625c1f5b7acd10fabcf22911d4ad0b741
    name: genvalidity-containers
    version: 0.5.0.0
    git: https://github.com/NorfairKing/validity.git
    pantry-tree:
      size: 923
      sha256: 767335d1ef55c552ea79142dc7fd2046083554fb53acf299d4fb618cff3fdc4d
    commit: 550327539d84d72ba8be8412025b0074d14c4188
  original:
    subdir: genvalidity-containers
    git: https://github.com/NorfairKing/validity.git
    commit: 550327539d84d72ba8be8412025b0074d14c4188
- completed:
    subdir: genvalidity-hspec
    cabal-file:
      size: 3199
      sha256: 709ea49110ffc982ff95c5a5c375577b6e210c05c89f2c810ad4008dca0e09d4
    name: genvalidity-hspec
    version: 0.6.1.1
    git: https://github.com/NorfairKing/validity.git
    pantry-tree:
      size: 2183
      sha256: a37fff5bc11fbf37e0a5e4d0a460ca01c261ea304667583b8a8166caa7d206df
    commit: 550327539d84d72ba8be8412025b0074d14c4188
  original:
    subdir: genvalidity-hspec
    git: https://github.com/NorfairKing/validity.git
    commit: 550327539d84d72ba8be8412025b0074d14c4188
- completed:
    subdir: genvalidity-hspec-aeson
    cabal-file:
      size: 2009
      sha256: b679990a68ad4e1d9991b5420006b9b9ede700d7ef3cc93bbb99df5f8c0286ff
    name: genvalidity-hspec-aeson
    version: 0.3.0.0
    git: https://github.com/NorfairKing/validity.git
    pantry-tree:
      size: 445
      sha256: 7984e573cd6a9de9dad5b7a52d955786dbf8660a9ea41bb6de0aca8dbee8d720
    commit: 550327539d84d72ba8be8412025b0074d14c4188
  original:
    subdir: genvalidity-hspec-aeson
    git: https://github.com/NorfairKing/validity.git
    commit: 550327539d84d72ba8be8412025b0074d14c4188
- completed:
    subdir: genvalidity-hspec-binary
    cabal-file:
      size: 2008
      sha256: 6dd4a3c9f240bbc9eb756dc0000a7d9fdbfb0fb353d9c1d7bebe5d265baab24a
    name: genvalidity-hspec-binary
    version: 0.2.0.2
    git: https://github.com/NorfairKing/validity.git
    pantry-tree:
      size: 446
      sha256: 74033d06366e62ddcf454ed3422d2b1ab477979bc77c369b29a626bcaf9b7c7c
    commit: 550327539d84d72ba8be8412025b0074d14c4188
  original:
    subdir: genvalidity-hspec-binary
    git: https://github.com/NorfairKing/validity.git
    commit: 550327539d84d72ba8be8412025b0074d14c4188
- completed:
    subdir: genvalidity-hspec-cereal
    cabal-file:
      size: 1911
      sha256: e18cc8adf4f2f8c415bbb285fcd65e13ae104084cb089be4ca08bbdaf40226f4
    name: genvalidity-hspec-cereal
    version: 0.2.0.2
    git: https://github.com/NorfairKing/validity.git
    pantry-tree:
      size: 447
      sha256: bd461dca96fe73a921aa6ebb6edbba992abaeaf86de233cee22e4a404f621de8
    commit: 550327539d84d72ba8be8412025b0074d14c4188
  original:
    subdir: genvalidity-hspec-cereal
    git: https://github.com/NorfairKing/validity.git
    commit: 550327539d84d72ba8be8412025b0074d14c4188
- completed:
    subdir: genvalidity-hspec-hashable
    cabal-file:
      size: 2107
      sha256: cfd6a112f263a53d40b0197573a2d04c3ca323774a49a3ab426f284279d6be8f
    name: genvalidity-hspec-hashable
    version: 0.2.0.2
    git: https://github.com/NorfairKing/validity.git
    pantry-tree:
      size: 450
      sha256: 538170bc8c66ba360bae5bbba23b0ad273cd4eecf6a372ad461f3d66ed2ffb75
    commit: 550327539d84d72ba8be8412025b0074d14c4188
  original:
    subdir: genvalidity-hspec-hashable
    git: https://github.com/NorfairKing/validity.git
    commit: 550327539d84d72ba8be8412025b0074d14c4188
- completed:
    subdir: genvalidity-hspec-optics
    cabal-file:
      size: 1893
      sha256: f2370fca388de8bf5930191d9c2a43b5db1aef2f1d375bd54f2457f8985e91ec
    name: genvalidity-hspec-optics
    version: 0.1.0.0
    git: https://github.com/NorfairKing/validity.git
    pantry-tree:
      size: 501
      sha256: 832bec07995ac3d948b44c56c60e61d02edbcdc8fdfafc35fd39737f972f46a8
    commit: 550327539d84d72ba8be8412025b0074d14c4188
  original:
    subdir: genvalidity-hspec-optics
    git: https://github.com/NorfairKing/validity.git
    commit: 550327539d84d72ba8be8412025b0074d14c4188
- completed:
    subdir: genvalidity-path
    cabal-file:
      size: 1923
      sha256: d5f0a9a77c13fd58d74e1b877a7b4cb21965034d83e0c359d46505bf43d931e0
    name: genvalidity-path
    version: 0.3.0.2
    git: https://github.com/NorfairKing/validity.git
    pantry-tree:
      size: 397
      sha256: 54168c76137432167214fc05a8f4c7d7dca6ccd316d56b091cd94c3368bc42ce
    commit: 550327539d84d72ba8be8412025b0074d14c4188
  original:
    subdir: genvalidity-path
    git: https://github.com/NorfairKing/validity.git
    commit: 550327539d84d72ba8be8412025b0074d14c4188
- completed:
    subdir: genvalidity-property
    cabal-file:
      size: 2328
      sha256: f073841860734b02d49da89e0e399bb66910593fabaf54aa8167cf6ba3505ece
    name: genvalidity-property
    version: 0.2.1.0
    git: https://github.com/NorfairKing/validity.git
    pantry-tree:
      size: 1922
      sha256: 1aede961937719ac1ec8afd8c56ceef9988822ce3a893a25e7060e7904037e8b
    commit: 550327539d84d72ba8be8412025b0074d14c4188
  original:
    subdir: genvalidity-property
    git: https://github.com/NorfairKing/validity.git
    commit: 550327539d84d72ba8be8412025b0074d14c4188
- completed:
    subdir: genvalidity-scientific
    cabal-file:
      size: 1648
      sha256: 4554505b69a66dcfb1b0270c421a30b9586ca5e38517a2f18a221eb5b4a41266
    name: genvalidity-scientific
    version: 0.2.0.1
    git: https://github.com/NorfairKing/validity.git
    pantry-tree:
      size: 405
      sha256: 7ea19e9225f9626555727a8546cc7cc8605a42263e7ccbf1766dd75dc0b0becf
    commit: 550327539d84d72ba8be8412025b0074d14c4188
  original:
    subdir: genvalidity-scientific
    git: https://github.com/NorfairKing/validity.git
    commit: 550327539d84d72ba8be8412025b0074d14c4188
- completed:
    subdir: genvalidity-text
    cabal-file:
      size: 1594
      sha256: 4583f1acf605a14201bc99483cf24cbd00f29e4c8048bc152797058974cb3cad
    name: genvalidity-text
    version: 0.5.1.0
    git: https://github.com/NorfairKing/validity.git
    pantry-tree:
      size: 395
      sha256: 5aa938d9529f688e3cd2624db1a1f157c160050e6521a7631b194910b002a09a
    commit: 550327539d84d72ba8be8412025b0074d14c4188
  original:
    subdir: genvalidity-text
    git: https://github.com/NorfairKing/validity.git
    commit: 550327539d84d72ba8be8412025b0074d14c4188
- completed:
    subdir: genvalidity-time
    cabal-file:
      size: 1670
      sha256: 7a3e007033d40c0365baeb556f0333cfd78b41bdfe851e15d4861cbdace1899a
    name: genvalidity-time
    version: 0.2.1.0
    git: https://github.com/NorfairKing/validity.git
    pantry-tree:
      size: 647
      sha256: 48824dba07f8cc10419080dcbc3b6ad679623125a81222e893d37c17b49ceaef
    commit: 550327539d84d72ba8be8412025b0074d14c4188
  original:
    subdir: genvalidity-time
    git: https://github.com/NorfairKing/validity.git
    commit: 550327539d84d72ba8be8412025b0074d14c4188
- completed:
    subdir: genvalidity-unordered-containers
    cabal-file:
      size: 1793
      sha256: f1f6a47f50ba67e5b216caee379f2fc17c19f42eb84dc5ab5b45d822ff91743e
    name: genvalidity-unordered-containers
    version: 0.2.0.3
    git: https://github.com/NorfairKing/validity.git
    pantry-tree:
      size: 511
      sha256: bfd2cdb16d750c5b57bcc1b054c48148081ce36012993d4bd0d2b8990f784ae0
    commit: 550327539d84d72ba8be8412025b0074d14c4188
  original:
    subdir: genvalidity-unordered-containers
    git: https://github.com/NorfairKing/validity.git
    commit: 550327539d84d72ba8be8412025b0074d14c4188
- completed:
    subdir: genvalidity-uuid
    cabal-file:
      size: 1582
      sha256: bad5c9b377b719334f095abdfc2b8ed0373fbb4f3f8ea3e127f4b6e7c74a8dde
    name: genvalidity-uuid
    version: 0.1.0.2
    git: https://github.com/NorfairKing/validity.git
    pantry-tree:
      size: 341
      sha256: 3fe8bc6b82967d22c43855b064d81b430b6291c5e2954c9c23146c6a40a9a8c1
    commit: 550327539d84d72ba8be8412025b0074d14c4188
  original:
    subdir: genvalidity-uuid
    git: https://github.com/NorfairKing/validity.git
    commit: 550327539d84d72ba8be8412025b0074d14c4188
- completed:
    subdir: genvalidity-vector
    cabal-file:
      size: 1564
      sha256: 3bc18ebfd1c890e0f714ba4203db613b15bf62932ddeafabc1e572efc73f7859
    name: genvalidity-vector
    version: 0.2.0.2
    git: https://github.com/NorfairKing/validity.git
    pantry-tree:
      size: 342
      sha256: 306b5f30e3678dacf5970fa67bc6098a4e8254bd0694e1a4a9581c672cc993c5
    commit: 550327539d84d72ba8be8412025b0074d14c4188
  original:
    subdir: genvalidity-vector
    git: https://github.com/NorfairKing/validity.git
    commit: 550327539d84d72ba8be8412025b0074d14c4188
- completed:
    subdir: validity
    cabal-file:
      size: 2660
      sha256: 6691d97893bb1b854146b302a34570460011297839b979276fc423e24e75eb61
    name: validity
    version: 0.8.0.0
    git: https://github.com/NorfairKing/validity.git
    pantry-tree:
      size: 449
      sha256: 91fd8a70d13e6f30c6160f75f0a4b5f07c95e2b5a3116ecc2022de1a72aae614
    commit: 550327539d84d72ba8be8412025b0074d14c4188
  original:
    subdir: validity
    git: https://github.com/NorfairKing/validity.git
    commit: 550327539d84d72ba8be8412025b0074d14c4188
- completed:
    subdir: validity-aeson
    cabal-file:
      size: 1205
      sha256: a1b18ec057f94d1b9f7b83dfef47ff35c28bef4bfc0966727619ce58f989257f
    name: validity-aeson
    version: 0.2.0.2
    git: https://github.com/NorfairKing/validity.git
    pantry-tree:
      size: 215
      sha256: 6a19400ec07079c7707ff6f92363f201fd150776708b49b2a56fe57939a2b9e1
    commit: 550327539d84d72ba8be8412025b0074d14c4188
  original:
    subdir: validity-aeson
    git: https://github.com/NorfairKing/validity.git
    commit: 550327539d84d72ba8be8412025b0074d14c4188
- completed:
    subdir: validity-bytestring
    cabal-file:
      size: 1102
      sha256: 364d3dbdea7ec526b8671ba76abc378e840c6d342fe511a30bdc8f07e630f468
    name: validity-bytestring
    version: 0.4.0.0
    git: https://github.com/NorfairKing/validity.git
    pantry-tree:
      size: 273
      sha256: c6e275e21c1de45e2dddf96e0f485b4baa7ed0c0b04268b0f5a9f80a6e58dd95
    commit: 550327539d84d72ba8be8412025b0074d14c4188
  original:
    subdir: validity-bytestring
    git: https://github.com/NorfairKing/validity.git
    commit: 550327539d84d72ba8be8412025b0074d14c4188
- completed:
    subdir: validity-containers
    cabal-file:
      size: 1204
      sha256: b2c0c36bc96e195fd1cd00487283caf68ae4a47bc2f505661f612ed203dd3650
    name: validity-containers
    version: 0.3.1.0
    git: https://github.com/NorfairKing/validity.git
    pantry-tree:
      size: 482
      sha256: 5f6aae7483b458c8c98fa986ae3d63c6594979549e55ee2e07b06570ef733d6b
    commit: 550327539d84d72ba8be8412025b0074d14c4188
  original:
    subdir: validity-containers
    git: https://github.com/NorfairKing/validity.git
    commit: 550327539d84d72ba8be8412025b0074d14c4188
- completed:
    subdir: validity-path
    cabal-file:
      size: 1509
      sha256: 7e459e2efa3fe3e97d0abc15e740f8d66b536a1c85621481bc07b1c59e38686f
    name: validity-path
    version: 0.3.0.2
    git: https://github.com/NorfairKing/validity.git
    pantry-tree:
      size: 337
      sha256: db3b45fdf2270efc9398eaade08b59cf46414be792acee7a1cbb23caeecb07fd
    commit: 550327539d84d72ba8be8412025b0074d14c4188
  original:
    subdir: validity-path
    git: https://github.com/NorfairKing/validity.git
    commit: 550327539d84d72ba8be8412025b0074d14c4188
- completed:
    subdir: validity-primitive
    cabal-file:
      size: 1046
      sha256: 9d6b936195aee4d740739ed537cfe7898ea4d7b9737fb09e0af5f10af6df56bf
    name: validity-primitive
    version: 0.0.0.0
    git: https://github.com/NorfairKing/validity.git
    pantry-tree:
      size: 219
      sha256: 788a0685a7c29fe1e29dd104d12cdec260984448cb4884d88f614152f86a617d
    commit: 550327539d84d72ba8be8412025b0074d14c4188
  original:
    subdir: validity-primitive
    git: https://github.com/NorfairKing/validity.git
    commit: 550327539d84d72ba8be8412025b0074d14c4188
- completed:
    subdir: validity-scientific
    cabal-file:
      size: 1097
      sha256: 20f06c7481a1448257021f3f10896a407199d67cc69cd7e937ea3377ee392ef6
    name: validity-scientific
    version: 0.2.0.2
    git: https://github.com/NorfairKing/validity.git
    pantry-tree:
      size: 220
      sha256: 9bd610f4eb2b23ff98f21ebd18f7144d1b9aa7f8f3850b92b0c2cf7cfb393c6b
    commit: 550327539d84d72ba8be8412025b0074d14c4188
  original:
    subdir: validity-scientific
    git: https://github.com/NorfairKing/validity.git
    commit: 550327539d84d72ba8be8412025b0074d14c4188
- completed:
    subdir: validity-text
    cabal-file:
      size: 1084
      sha256: a8d2ff7aa6cec9daaecf5e6ea3b83ee6bf823418d134132af82fc6087d20d280
    name: validity-text
    version: 0.3.1.0
    git: https://github.com/NorfairKing/validity.git
    pantry-tree:
      size: 267
      sha256: d518cda143cbce68ca12fd0b316c63c9c1af7b927f7410d876d6989133a4e173
    commit: 550327539d84d72ba8be8412025b0074d14c4188
  original:
    subdir: validity-text
    git: https://github.com/NorfairKing/validity.git
    commit: 550327539d84d72ba8be8412025b0074d14c4188
- completed:
    subdir: validity-time
    cabal-file:
      size: 1204
      sha256: dfe2f8e9be9da6a18b1674932c7a2d34ec18ec6dbfac994ddf4111b640466435
    name: validity-time
    version: 0.2.0.2
    git: https://github.com/NorfairKing/validity.git
    pantry-tree:
      size: 508
      sha256: 922ee1d731b2b32b33c664899013fb9f4f1a9d6c9ecf139e210a489abde7b315
    commit: 550327539d84d72ba8be8412025b0074d14c4188
  original:
    subdir: validity-time
    git: https://github.com/NorfairKing/validity.git
    commit: 550327539d84d72ba8be8412025b0074d14c4188
- completed:
    subdir: validity-unordered-containers
    cabal-file:
      size: 1230
      sha256: 1c9a52512e148dfa75af1a69238bafc559bbdd444e580ea953185d386a3060be
    name: validity-unordered-containers
    version: 0.2.0.2
    git: https://github.com/NorfairKing/validity.git
    pantry-tree:
      size: 365
      sha256: bb587db1f36a689d01c77ef51238666613e5b4151b85a7f94d0c080d8c3a6ae3
    commit: 550327539d84d72ba8be8412025b0074d14c4188
  original:
    subdir: validity-unordered-containers
    git: https://github.com/NorfairKing/validity.git
    commit: 550327539d84d72ba8be8412025b0074d14c4188
- completed:
    subdir: validity-uuid
    cabal-file:
      size: 1067
      sha256: 32ab0f09c555d4cf78c383e3e7b494214c791c88c404809e2bca93845d07fd77
    name: validity-uuid
    version: 0.1.0.2
    git: https://github.com/NorfairKing/validity.git
    pantry-tree:
      size: 214
      sha256: dfb2c88e3e57bcbc7965f6b76fd07bc2b2e23a773405373cc64668e45bd6dc93
    commit: 550327539d84d72ba8be8412025b0074d14c4188
  original:
    subdir: validity-uuid
    git: https://github.com/NorfairKing/validity.git
    commit: 550327539d84d72ba8be8412025b0074d14c4188
- completed:
    subdir: validity-vector
    cabal-file:
      size: 1097
      sha256: f9df23108a8fe3315805c6528084578d6522c23d697e29dad2cf4b16359d0f75
    name: validity-vector
    version: 0.2.0.2
    git: https://github.com/NorfairKing/validity.git
    pantry-tree:
      size: 216
      sha256: 82160689c868ab8c2817f29586d43380e940f7546f33b8feef0ff71841561b5a
    commit: 550327539d84d72ba8be8412025b0074d14c4188
  original:
    subdir: validity-vector
    git: https://github.com/NorfairKing/validity.git
    commit: 550327539d84d72ba8be8412025b0074d14c4188
- completed:
    hackage: hlint-2.0.15@sha256:2ff1d25f65ae64033103da487eb4bd7f4e95667f4f88ed4b0fd514dcc34d9cc5,3349
    pantry-tree:
      size: 3797
      sha256: e224e378b0f796c1db5e6424f12a9853334acc0df19c0cac07a95459dde49826
  original:
    hackage: hlint-2.0.15
- completed:
    hackage: extra-1.6.5@sha256:e97770705d4304aa6597af4bfaff8d730db25d2e7a9252ba6fc0ea4229233aae,2606
    pantry-tree:
      size: 1759
      sha256: df420c3712cfcfea56cde0da1ef14f0878010024d34b1cdad12c6cb758657310
  original:
    hackage: extra-1.6.5
- completed:
    hackage: zifter-0.0.1.8@sha256:ad3fe74060403f22fd8623e5d9493a6fcbb83f68d6c04846c45afe9a117f53e8,1851
    pantry-tree:
      size: 1315
      sha256: 0a3be1f61266c02d51197a78beb30f960bbd38c23467073f8af83e411def6b6b
  original:
    hackage: zifter-0.0.1.8
snapshots:
- completed:
    size: 503674
    url: https://raw.githubusercontent.com/commercialhaskell/stackage-snapshots/master/lts/12/10.yaml
    sha256: 3f6a3139a4fe86c154496156ba9bc45328debae508485f0e314609eb9cc7e467
  original: lts-12.10
